{
  "name": "renovate-config",
  "version": "1.0.0",
  "lockfileVersion": 3,
  "requires": true,
  "packages": {
    "": {
      "name": "renovate-config",
      "version": "1.0.0",
      "license": "ISC",
      "devDependencies": {
        "dprint": "0.55.0"
      }
    },
    "node_modules/@dprint/android-arm64": {
      "version": "0.55.0",
      "resolved": "https://registry.npmjs.org/@dprint/android-arm64/-/android-arm64-0.55.0.tgz",
      "integrity": "sha512-JMRV+SUUc9JxcrQPBhpDsHSLNa/pEKeExttOOiSD8zMoKftyRStsv8NHBj+g5comZu04PyoY7dwyBP8WHPsceQ==",
      "cpu": [
        "arm64"
      ],
      "dev": true,
      "license": "MIT",
      "optional": true,
      "os": [
        "android"
      ]
    },
    "node_modules/@dprint/android-x64": {
      "version": "0.55.0",
      "resolved": "https://registry.npmjs.org/@dprint/android-x64/-/android-x64-0.55.0.tgz",
      "integrity": "sha512-lvKvsc/WaPy+ond3H61mi6AM0YJ0fXp9KNtyIm2NSXl15PnjPfAL/qdpdczIoYq8wld7LqzUqIszPZWQ4TU+lA==",
      "cpu": [
        "x64"
      ],
      "dev": true,
      "license": "MIT",
      "optional": true,
      "os": [
        "android"
      ]
    },
    "node_modules/@dprint/darwin-arm64": {
      "version": "0.55.0",
      "resolved": "https://registry.npmjs.org/@dprint/darwin-arm64/-/darwin-arm64-0.55.0.tgz",
      "integrity": "sha512-4NmECJlOeZFgSEYsAq8q2B/EyQSHcUG/s9bANQp1DQmSty8Wb9ad1w7PuvVpQ0+UY4JFf5dWxROsP425+3qnjg==",
      "cpu": [
        "arm64"
      ],
      "dev": true,
      "license": "MIT",
      "optional": true,
      "os": [
        "darwin"
      ]
    },
    "node_modules/@dprint/darwin-x64": {
      "version": "0.55.0",
      "resolved": "https://registry.npmjs.org/@dprint/darwin-x64/-/darwin-x64-0.55.0.tgz",
      "integrity": "sha512-ssr1FD3dCkBQHbWEHWwkqPWIAlEijVv8EbyEb8oqdTR9pQGCh36ZCeXWYL1dTqANqKaXTq1bDFxXbdN3WlGgVw==",
      "cpu": [
        "x64"
      ],
      "dev": true,
      "license": "MIT",
      "optional": true,
      "os": [
        "darwin"
      ]
    },
    "node_modules/@dprint/linux-arm64-glibc": {
      "version": "0.55.0",
      "resolved": "https://registry.npmjs.org/@dprint/linux-arm64-glibc/-/linux-arm64-glibc-0.55.0.tgz",
      "integrity": "sha512-1446h0ppwTyYnh+dkgYY+Sb4Psc2xLlwQx7FsAeIVCmc13V58cWHM6XUJPnlZttEU5zrW6MoW+eeGFxSFZyxjw==",
      "cpu": [
        "arm64"
      ],
      "dev": true,
      "libc": [
        "glibc"
      ],
      "license": "MIT",
      "optional": true,
      "os": [
        "linux"
      ]
    },
    "node_modules/@dprint/linux-arm64-musl": {
      "version": "0.55.0",
      "resolved": "https://registry.npmjs.org/@dprint/linux-arm64-musl/-/linux-arm64-musl-0.55.0.tgz",
      "integrity": "sha512-XlaMrQ3ZTodsUQ5F7eibGfmjjXlHIWxk/4cRungCQX63ECi491/mlL0e2exck3nkKuvhO0/ND447hLjlaNV1Qg==",
      "cpu": [
        "arm64"
      ],
      "dev": true,
      "libc": [
        "musl"
      ],
      "license": "MIT",
      "optional": true,
      "os": [
        "linux"
      ]
    },
    "node_modules/@dprint/linux-loong64-glibc": {
      "version": "0.55.0",
      "resolved": "https://registry.npmjs.org/@dprint/linux-loong64-glibc/-/linux-loong64-glibc-0.55.0.tgz",
      "integrity": "sha512-yJRGtttpg6MBAd3axX77NM4lUwU6S5M4rbh1fTt4d3Zdy2uvo37Vi/hRMoiXzOJveo4PxUF3Cfhj4TQDsNOtEg==",
      "cpu": [
        "loong64"
      ],
      "dev": true,
      "libc": [
        "glibc"
      ],
      "license": "MIT",
      "optional": true,
      "os": [
        "linux"
      ]
    },
    "node_modules/@dprint/linux-loong64-musl": {
      "version": "0.55.0",
      "resolved": "https://registry.npmjs.org/@dprint/linux-loong64-musl/-/linux-loong64-musl-0.55.0.tgz",
      "integrity": "sha512-U9SfYqbMFp046c6DUSoCy/5ElfqfheDodJzGVYZw7CLK6QEJkPPJ6g4s5Qa9feAOwfzmBQ8qN7tvnn2tqh6XTA==",
      "cpu": [
        "loong64"
      ],
      "dev": true,
      "libc": [
        "musl"
      ],
      "license": "MIT",
      "optional": true,
      "os": [
        "linux"
      ]
    },
    "node_modules/@dprint/linux-ppc64-glibc": {
      "version": "0.55.0",
      "resolved": "https://registry.npmjs.org/@dprint/linux-ppc64-glibc/-/linux-ppc64-glibc-0.55.0.tgz",
      "integrity": "sha512-TXYhGZQRlJGM8o+zO6tG7eLTebZiLVsfLlMVJ/n/ZCHsNvOmTeSZ/ssMkJX29fKCcCdfvT7swF1Ce2ag99q/Lw==",
      "cpu": [
        "ppc64"
      ],
      "dev": true,
      "libc": [
        "glibc"
      ],
      "license": "MIT",
      "optional": true,
      "os": [
        "linux"
      ]
    },
    "node_modules/@dprint/linux-ppc64-musl": {
      "version": "0.55.0",
      "resolved": "https://registry.npmjs.org/@dprint/linux-ppc64-musl/-/linux-ppc64-musl-0.55.0.tgz",
      "integrity": "sha512-KiQAr4PxNQqOr3Y0255xluolQEIY4XJ95jRgHD8QqXZhn7/hS2DF8TZiT3HeU4tQw21ZbmFTMtG9JLJBjJuf8A==",
      "cpu": [
        "ppc64"
      ],
      "dev": true,
      "libc": [
        "musl"
      ],
      "license": "MIT",
      "optional": true,
      "os": [
        "linux"
      ]
    },
    "node_modules/@dprint/linux-riscv64-glibc": {
      "version": "0.55.0",
      "resolved": "https://registry.npmjs.org/@dprint/linux-riscv64-glibc/-/linux-riscv64-glibc-0.55.0.tgz",
      "integrity": "sha512-s9hrXp4aaeeT09fF87LeWwR4gAMhirPhluBRl0OfH0FSEdjVa+3Ee8x4hK91KeYQV+5d12s2V/bXwLbu2qiI3A==",
      "cpu": [
        "riscv64"
      ],
      "dev": true,
      "libc": [
        "glibc"
      ],
      "license": "MIT",
      "optional": true,
      "os": [
        "linux"
      ]
    },
    "node_modules/@dprint/linux-x64-glibc": {
      "version": "0.55.0",
      "resolved": "https://registry.npmjs.org/@dprint/linux-x64-glibc/-/linux-x64-glibc-0.55.0.tgz",
      "integrity": "sha512-W8Ld8C1pSoa8jIDP1qmAIuVsKfIaYVg50qi4RgBNBflySpotIGQOBkdZragUHNGzD0JkLS+U73r6kpOuTkThRA==",
      "cpu": [
        "x64"
      ],
      "dev": true,
      "libc": [
        "glibc"
      ],
      "license": "MIT",
      "optional": true,
      "os": [
        "linux"
      ]
    },
    "node_modules/@dprint/linux-x64-musl": {
      "version": "0.55.0",
      "resolved": "https://registry.npmjs.org/@dprint/linux-x64-musl/-/linux-x64-musl-0.55.0.tgz",
      "integrity": "sha512-Q+ljGBsZHpG9PIflYqUb2mBe6wHb5aCvIazlz0srzcIq55NkdkHIzc811DH9TFfc64i38v9AJ4JR8TMfw0wWvg==",
      "cpu": [
        "x64"
      ],
      "dev": true,
      "libc": [
        "musl"
      ],
      "license": "MIT",
      "optional": true,
      "os": [
        "linux"
      ]
    },
    "node_modules/@dprint/win32-arm64": {
      "version": "0.55.0",
      "resolved": "https://registry.npmjs.org/@dprint/win32-arm64/-/win32-arm64-0.55.0.tgz",
      "integrity": "sha512-ZG9NI2S8qf80oKgzwiTstc4OIwQPK1OtUB+2+xj3DBGqjCT8eG3bvdGrFICQbPo4zO0s8SuMc/t6zsXgV08t1w==",
      "cpu": [
        "arm64"
      ],
      "dev": true,
      "license": "MIT",
      "optional": true,
      "os": [
        "win32"
      ]
    },
    "node_modules/@dprint/win32-x64": {
      "version": "0.55.0",
      "resolved": "https://registry.npmjs.org/@dprint/win32-x64/-/win32-x64-0.55.0.tgz",
      "integrity": "sha512-huBVxrlV3SEQ+qWRcwSbf9RBlygwsGOTUbiqU6UwxmsvIseDbMVvHjdIZcJv0Qbcz9wN1WWWZ2M8F7oYWDN+gA==",
      "cpu": [
        "x64"
      ],
      "dev": true,
      "license": "MIT",
      "optional": true,
      "os": [
        "win32"
      ]
    },
    "node_modules/dprint": {
      "version": "0.55.0",
      "resolved": "https://registry.npmjs.org/dprint/-/dprint-0.55.0.tgz",
      "integrity": "sha512-uaRvLuhx41C36WGEfLaRU97zmryGJYEQhXDHZDp4nbxFVZlTSzbTRYfs3+GiM01akLLyvQFlmBSART05/gg1Kg==",
      "dev": true,
      "hasInstallScript": true,
      "license": "MIT",
      "bin": {
        "dprint": "bin.cjs"
      },
      "optionalDependencies": {
        "@dprint/android-arm64": "0.55.0",
        "@dprint/android-x64": "0.55.0",
        "@dprint/darwin-arm64": "0.55.0",
        "@dprint/darwin-x64": "0.55.0",
        "@dprint/linux-arm64-glibc": "0.55.0",
        "@dprint/linux-arm64-musl": "0.55.0",
        "@dprint/linux-loong64-glibc": "0.55.0",
        "@dprint/linux-loong64-musl": "0.55.0",
        "@dprint/linux-ppc64-glibc": "0.55.0",
        "@dprint/linux-ppc64-musl": "0.55.0",
        "@dprint/linux-riscv64-glibc": "0.55.0",
        "@dprint/linux-x64-glibc": "0.55.0",
        "@dprint/linux-x64-musl": "0.55.0",
        "@dprint/win32-arm64": "0.55.0",
        "@dprint/win32-x64": "0.55.0"
      }
    }
  }
}
