{
  "name": "renovate-config",
  "version": "1.0.0",
  "lockfileVersion": 3,
  "requires": true,
  "packages": {
    "": {
      "name": "renovate-config",
      "version": "1.0.0",
      "license": "ISC",
      "devDependencies": {
        "dprint": "0.57.1"
      }
    },
    "node_modules/@dprint/android-arm64": {
      "version": "0.57.1",
      "resolved": "https://registry.npmjs.org/@dprint/android-arm64/-/android-arm64-0.57.1.tgz",
      "integrity": "sha512-7Te1PWxMhkabwaOf7lJk30LINeGzoEo9ehYXIb1V/9fex+4vhOXTETKzZa9bxq66OWyriUx41CdEsxJ87eQacA==",
      "cpu": [
        "arm64"
      ],
      "dev": true,
      "license": "MIT",
      "optional": true,
      "os": [
        "android"
      ]
    },
    "node_modules/@dprint/android-x64": {
      "version": "0.57.1",
      "resolved": "https://registry.npmjs.org/@dprint/android-x64/-/android-x64-0.57.1.tgz",
      "integrity": "sha512-iVLMMwjNNcPg4JBt9nK2dq3D2SXqE9T8fzy0xlU3orgFYA4eR3WoFAiW/nlUekWwx0Kcnmzva1DOnjZuBLx7SA==",
      "cpu": [
        "x64"
      ],
      "dev": true,
      "license": "MIT",
      "optional": true,
      "os": [
        "android"
      ]
    },
    "node_modules/@dprint/darwin-arm64": {
      "version": "0.57.1",
      "resolved": "https://registry.npmjs.org/@dprint/darwin-arm64/-/darwin-arm64-0.57.1.tgz",
      "integrity": "sha512-r7bmUmF5XZR5YmTidsmF/Zy0YIab8Etp7EElIsCnTk7JLm+kWFxdzH9URn9xk/hCBL2AjrMAtlTzxN4zrGAP+A==",
      "cpu": [
        "arm64"
      ],
      "dev": true,
      "license": "MIT",
      "optional": true,
      "os": [
        "darwin"
      ]
    },
    "node_modules/@dprint/darwin-x64": {
      "version": "0.57.1",
      "resolved": "https://registry.npmjs.org/@dprint/darwin-x64/-/darwin-x64-0.57.1.tgz",
      "integrity": "sha512-DFc781ayZC3rjo2H9MKgWNdqfTXlHFb6yZvHluJfk0K8tunYfuongaRW03Iqz02TXweF8T8kicTy66KI51PQdw==",
      "cpu": [
        "x64"
      ],
      "dev": true,
      "license": "MIT",
      "optional": true,
      "os": [
        "darwin"
      ]
    },
    "node_modules/@dprint/linux-arm64-glibc": {
      "version": "0.57.1",
      "resolved": "https://registry.npmjs.org/@dprint/linux-arm64-glibc/-/linux-arm64-glibc-0.57.1.tgz",
      "integrity": "sha512-q/gJPtBFddV5p8tXvnGbBnuj1hxNsljyaYRouaHXx6jeEETHAX1B3Ei+sPPMA9fCzDl5LNeBwluYeKHELeaULg==",
      "cpu": [
        "arm64"
      ],
      "dev": true,
      "libc": [
        "glibc"
      ],
      "license": "MIT",
      "optional": true,
      "os": [
        "linux"
      ]
    },
    "node_modules/@dprint/linux-arm64-musl": {
      "version": "0.57.1",
      "resolved": "https://registry.npmjs.org/@dprint/linux-arm64-musl/-/linux-arm64-musl-0.57.1.tgz",
      "integrity": "sha512-d45SM0HPQYNsRqBVdWkOw8fZZ75DF/cEURrc5H1yy7ahSUNHIXGnXGlyGeeglF0GLnHfE82QvchnqmJqIh7GmA==",
      "cpu": [
        "arm64"
      ],
      "dev": true,
      "libc": [
        "musl"
      ],
      "license": "MIT",
      "optional": true,
      "os": [
        "linux"
      ]
    },
    "node_modules/@dprint/linux-loong64-glibc": {
      "version": "0.57.1",
      "resolved": "https://registry.npmjs.org/@dprint/linux-loong64-glibc/-/linux-loong64-glibc-0.57.1.tgz",
      "integrity": "sha512-wJzcOgHM8nekLY8Dr1nJGyseKjV6gMfuVS54d+g6PH0cw2sE0Zg2sT2Y6tJQK4tTTZBUrunIf+ZsG4lsbCc+MA==",
      "cpu": [
        "loong64"
      ],
      "dev": true,
      "libc": [
        "glibc"
      ],
      "license": "MIT",
      "optional": true,
      "os": [
        "linux"
      ]
    },
    "node_modules/@dprint/linux-loong64-musl": {
      "version": "0.57.1",
      "resolved": "https://registry.npmjs.org/@dprint/linux-loong64-musl/-/linux-loong64-musl-0.57.1.tgz",
      "integrity": "sha512-SfFuDt1BtnQ/YIhX1aRqXFDGSHkRSLtgs0VxATOlzu2KEu/ormOHfMabv4Fp6DzAS8V4Ti8smeIVaGy/ufCLzg==",
      "cpu": [
        "loong64"
      ],
      "dev": true,
      "libc": [
        "musl"
      ],
      "license": "MIT",
      "optional": true,
      "os": [
        "linux"
      ]
    },
    "node_modules/@dprint/linux-ppc64-glibc": {
      "version": "0.57.1",
      "resolved": "https://registry.npmjs.org/@dprint/linux-ppc64-glibc/-/linux-ppc64-glibc-0.57.1.tgz",
      "integrity": "sha512-L6inHs05D2nq4Jv7tLoAJeKJn9R7QcI8aM/gLw7X1sQde8MeU8M4XWDejBVcMa6DnZtvW6xBoWdAVIX6pdq25g==",
      "cpu": [
        "ppc64"
      ],
      "dev": true,
      "libc": [
        "glibc"
      ],
      "license": "MIT",
      "optional": true,
      "os": [
        "linux"
      ]
    },
    "node_modules/@dprint/linux-ppc64-musl": {
      "version": "0.57.1",
      "resolved": "https://registry.npmjs.org/@dprint/linux-ppc64-musl/-/linux-ppc64-musl-0.57.1.tgz",
      "integrity": "sha512-SF8vGoBhrI/32NurQ+E8HxTbH8UmU+YrYyQWS/WBo7Xd8SFVyQ/w7ynEVGBW6dt++hgwaRgElusss1AK511MGg==",
      "cpu": [
        "ppc64"
      ],
      "dev": true,
      "libc": [
        "musl"
      ],
      "license": "MIT",
      "optional": true,
      "os": [
        "linux"
      ]
    },
    "node_modules/@dprint/linux-riscv64-glibc": {
      "version": "0.57.1",
      "resolved": "https://registry.npmjs.org/@dprint/linux-riscv64-glibc/-/linux-riscv64-glibc-0.57.1.tgz",
      "integrity": "sha512-vzrHAOTvFZG/2lzK9X2zGr1iCtPe/8AGnr6NJfLqvXz2SWOq8++BMIg1vDyepALWGRwwm4BpzQ6HXpw1msJRGw==",
      "cpu": [
        "riscv64"
      ],
      "dev": true,
      "libc": [
        "glibc"
      ],
      "license": "MIT",
      "optional": true,
      "os": [
        "linux"
      ]
    },
    "node_modules/@dprint/linux-x64-glibc": {
      "version": "0.57.1",
      "resolved": "https://registry.npmjs.org/@dprint/linux-x64-glibc/-/linux-x64-glibc-0.57.1.tgz",
      "integrity": "sha512-I0wN9IC0EAJsjTcK9OA9rMRoy7YvlGSrKQRe/ovJbFydfH9/+URAdmpKKTJB2kgtfqNQo19svc6JvR+21qF1Vg==",
      "cpu": [
        "x64"
      ],
      "dev": true,
      "libc": [
        "glibc"
      ],
      "license": "MIT",
      "optional": true,
      "os": [
        "linux"
      ]
    },
    "node_modules/@dprint/linux-x64-musl": {
      "version": "0.57.1",
      "resolved": "https://registry.npmjs.org/@dprint/linux-x64-musl/-/linux-x64-musl-0.57.1.tgz",
      "integrity": "sha512-ScD2Ybk2lAqCBUVstxyFC6+ebA+KYBgp6cYyjWAiJNQrib0vYaXa5vuAoMLP+zMX5rYuYfQdykQUsz2rokYwhA==",
      "cpu": [
        "x64"
      ],
      "dev": true,
      "libc": [
        "musl"
      ],
      "license": "MIT",
      "optional": true,
      "os": [
        "linux"
      ]
    },
    "node_modules/@dprint/win32-arm64": {
      "version": "0.57.1",
      "resolved": "https://registry.npmjs.org/@dprint/win32-arm64/-/win32-arm64-0.57.1.tgz",
      "integrity": "sha512-A0dx41rmeE1+RLmzzGYlVX1GKrU2CFmDT3dxR38ayYQYPLIJIUIGadTYsJmpinqRUUdJauCLIOUOU2OJRC6D+Q==",
      "cpu": [
        "arm64"
      ],
      "dev": true,
      "license": "MIT",
      "optional": true,
      "os": [
        "win32"
      ]
    },
    "node_modules/@dprint/win32-x64": {
      "version": "0.57.1",
      "resolved": "https://registry.npmjs.org/@dprint/win32-x64/-/win32-x64-0.57.1.tgz",
      "integrity": "sha512-Tq2YkN41cXHBNHNuSTevo1QQ2qj6DbvW1bDDkusad1XA3tSuiedudFqLe1QV7W1n0369ofG6N36zJuGKJKWz2Q==",
      "cpu": [
        "x64"
      ],
      "dev": true,
      "license": "MIT",
      "optional": true,
      "os": [
        "win32"
      ]
    },
    "node_modules/dprint": {
      "version": "0.57.1",
      "resolved": "https://registry.npmjs.org/dprint/-/dprint-0.57.1.tgz",
      "integrity": "sha512-djAJgsVkqMOdSDkvw2Q519Bn9G9+TjrO8fa4kl4sW9ZsjAzWzEc87+ADjxn7njgWdF377EHKtrWS9U/IPJUl2w==",
      "dev": true,
      "hasInstallScript": true,
      "license": "MIT",
      "bin": {
        "dprint": "bin.cjs"
      },
      "optionalDependencies": {
        "@dprint/android-arm64": "0.57.1",
        "@dprint/android-x64": "0.57.1",
        "@dprint/darwin-arm64": "0.57.1",
        "@dprint/darwin-x64": "0.57.1",
        "@dprint/linux-arm64-glibc": "0.57.1",
        "@dprint/linux-arm64-musl": "0.57.1",
        "@dprint/linux-loong64-glibc": "0.57.1",
        "@dprint/linux-loong64-musl": "0.57.1",
        "@dprint/linux-ppc64-glibc": "0.57.1",
        "@dprint/linux-ppc64-musl": "0.57.1",
        "@dprint/linux-riscv64-glibc": "0.57.1",
        "@dprint/linux-x64-glibc": "0.57.1",
        "@dprint/linux-x64-musl": "0.57.1",
        "@dprint/win32-arm64": "0.57.1",
        "@dprint/win32-x64": "0.57.1"
      }
    }
  }
}
