{
  "name": "renovate-config",
  "version": "1.0.0",
  "lockfileVersion": 3,
  "requires": true,
  "packages": {
    "": {
      "name": "renovate-config",
      "version": "1.0.0",
      "license": "ISC",
      "devDependencies": {
        "dprint": "0.56.1"
      }
    },
    "node_modules/@dprint/android-arm64": {
      "version": "0.56.1",
      "resolved": "https://registry.npmjs.org/@dprint/android-arm64/-/android-arm64-0.56.1.tgz",
      "integrity": "sha512-+tvgCtqraz5ws3et615SZThgrLtH0KV5c9beC/FK/5WW0HxvFad8vl1EyiC6Emo4/J6FFbh6c9H8DLK41QNKFg==",
      "cpu": [
        "arm64"
      ],
      "dev": true,
      "license": "MIT",
      "optional": true,
      "os": [
        "android"
      ]
    },
    "node_modules/@dprint/android-x64": {
      "version": "0.56.1",
      "resolved": "https://registry.npmjs.org/@dprint/android-x64/-/android-x64-0.56.1.tgz",
      "integrity": "sha512-zw3qY+8z1eaPDog6XgpBJOJAfsJXapbtysxXf/VBPEk1FEYG/alrYpP0McjtlURys6lRrea8aQrIH+noatR/wg==",
      "cpu": [
        "x64"
      ],
      "dev": true,
      "license": "MIT",
      "optional": true,
      "os": [
        "android"
      ]
    },
    "node_modules/@dprint/darwin-arm64": {
      "version": "0.56.1",
      "resolved": "https://registry.npmjs.org/@dprint/darwin-arm64/-/darwin-arm64-0.56.1.tgz",
      "integrity": "sha512-1U2qE8i0Np5bY7aB+Mq6DqIwI/DQgR4haQFR0ixxsQ9gXQSVe8YQTzM33Kw65V5FVwTn5sNcaqjlm0mYTLt56w==",
      "cpu": [
        "arm64"
      ],
      "dev": true,
      "license": "MIT",
      "optional": true,
      "os": [
        "darwin"
      ]
    },
    "node_modules/@dprint/darwin-x64": {
      "version": "0.56.1",
      "resolved": "https://registry.npmjs.org/@dprint/darwin-x64/-/darwin-x64-0.56.1.tgz",
      "integrity": "sha512-88tW6kuSoJ1VjoEI/1PSLuCsed5+84YyARzz8Kyata4chP8HgEwTT7A61gWgTdLNJEj9v+MmhbiqsnK/yJn/2A==",
      "cpu": [
        "x64"
      ],
      "dev": true,
      "license": "MIT",
      "optional": true,
      "os": [
        "darwin"
      ]
    },
    "node_modules/@dprint/linux-arm64-glibc": {
      "version": "0.56.1",
      "resolved": "https://registry.npmjs.org/@dprint/linux-arm64-glibc/-/linux-arm64-glibc-0.56.1.tgz",
      "integrity": "sha512-XJHlFlZpcZTjs2442W01GzE63GqiMFvXnFAiW/6ewjSl7U/NupxvqlyJDVhUxgfEgApEfETkn8WxBBUlErQh4A==",
      "cpu": [
        "arm64"
      ],
      "dev": true,
      "libc": [
        "glibc"
      ],
      "license": "MIT",
      "optional": true,
      "os": [
        "linux"
      ]
    },
    "node_modules/@dprint/linux-arm64-musl": {
      "version": "0.56.1",
      "resolved": "https://registry.npmjs.org/@dprint/linux-arm64-musl/-/linux-arm64-musl-0.56.1.tgz",
      "integrity": "sha512-HlX5HRc4Ht3BCejbs78QacfWZuDbqVEilqEQSQzQXsFiKa4HntdhvuL37rLDVi8FPziSmUm2mniBpxqPC1WfuA==",
      "cpu": [
        "arm64"
      ],
      "dev": true,
      "libc": [
        "musl"
      ],
      "license": "MIT",
      "optional": true,
      "os": [
        "linux"
      ]
    },
    "node_modules/@dprint/linux-loong64-glibc": {
      "version": "0.56.1",
      "resolved": "https://registry.npmjs.org/@dprint/linux-loong64-glibc/-/linux-loong64-glibc-0.56.1.tgz",
      "integrity": "sha512-/g9PFXhODtN8zb6Ta4ILmYykF/TXNN7M5ihVfZ/KWgyhLYAyCBS3klohrVLoDhD0bRo6RgYvm3cTRXtxSiQ6Eg==",
      "cpu": [
        "loong64"
      ],
      "dev": true,
      "libc": [
        "glibc"
      ],
      "license": "MIT",
      "optional": true,
      "os": [
        "linux"
      ]
    },
    "node_modules/@dprint/linux-loong64-musl": {
      "version": "0.56.1",
      "resolved": "https://registry.npmjs.org/@dprint/linux-loong64-musl/-/linux-loong64-musl-0.56.1.tgz",
      "integrity": "sha512-jI/RSNdJ096YsP0IfAB5qIOnuNbFZqP4SI+y8iPcaQBsMe1YngkB0jT9eA5XMJgEyWjpeDq9YNoV7SQZWYbIaA==",
      "cpu": [
        "loong64"
      ],
      "dev": true,
      "libc": [
        "musl"
      ],
      "license": "MIT",
      "optional": true,
      "os": [
        "linux"
      ]
    },
    "node_modules/@dprint/linux-ppc64-glibc": {
      "version": "0.56.1",
      "resolved": "https://registry.npmjs.org/@dprint/linux-ppc64-glibc/-/linux-ppc64-glibc-0.56.1.tgz",
      "integrity": "sha512-/76IxLsbtGtwtENc0cPIFi7LwG9p5uJdMzVzxxZ69FTCRaobMkaepYfpwv9mxuaLLFp1dubRBoVLT0jt16+wNA==",
      "cpu": [
        "ppc64"
      ],
      "dev": true,
      "libc": [
        "glibc"
      ],
      "license": "MIT",
      "optional": true,
      "os": [
        "linux"
      ]
    },
    "node_modules/@dprint/linux-ppc64-musl": {
      "version": "0.56.1",
      "resolved": "https://registry.npmjs.org/@dprint/linux-ppc64-musl/-/linux-ppc64-musl-0.56.1.tgz",
      "integrity": "sha512-JcixMtCTunVocQvai5zmn8Nm7O/HRihWsmGF6zPrte/BaMaiuTM/j6ATamuYS3FqesTnF1kNfv21C4nrya88tw==",
      "cpu": [
        "ppc64"
      ],
      "dev": true,
      "libc": [
        "musl"
      ],
      "license": "MIT",
      "optional": true,
      "os": [
        "linux"
      ]
    },
    "node_modules/@dprint/linux-riscv64-glibc": {
      "version": "0.56.1",
      "resolved": "https://registry.npmjs.org/@dprint/linux-riscv64-glibc/-/linux-riscv64-glibc-0.56.1.tgz",
      "integrity": "sha512-hgapHq0oRtowyarRi5vtA7/rCWxTMQHK6ZORxSUKxiF4ypiCy+aetLKFERooB6axv1mUPOtEFFmuhA96di2kEg==",
      "cpu": [
        "riscv64"
      ],
      "dev": true,
      "libc": [
        "glibc"
      ],
      "license": "MIT",
      "optional": true,
      "os": [
        "linux"
      ]
    },
    "node_modules/@dprint/linux-x64-glibc": {
      "version": "0.56.1",
      "resolved": "https://registry.npmjs.org/@dprint/linux-x64-glibc/-/linux-x64-glibc-0.56.1.tgz",
      "integrity": "sha512-hsNt9WCD8rt28Fz/kP15CQzmeiSFbr3n0XeyJ5JyfsTXxazpMBY0eAGpMn3o8x+WF74gTF8FOkz3vACPt23xvg==",
      "cpu": [
        "x64"
      ],
      "dev": true,
      "libc": [
        "glibc"
      ],
      "license": "MIT",
      "optional": true,
      "os": [
        "linux"
      ]
    },
    "node_modules/@dprint/linux-x64-musl": {
      "version": "0.56.1",
      "resolved": "https://registry.npmjs.org/@dprint/linux-x64-musl/-/linux-x64-musl-0.56.1.tgz",
      "integrity": "sha512-yvRcYtrQ0gJ0UyQjX9nbon3NTi+sN1pZ6o0QcB0l1QfqiIJZXXTAXrmnUXqjR43fXEjxARjWBE+M6NyYFYxjmw==",
      "cpu": [
        "x64"
      ],
      "dev": true,
      "libc": [
        "musl"
      ],
      "license": "MIT",
      "optional": true,
      "os": [
        "linux"
      ]
    },
    "node_modules/@dprint/win32-arm64": {
      "version": "0.56.1",
      "resolved": "https://registry.npmjs.org/@dprint/win32-arm64/-/win32-arm64-0.56.1.tgz",
      "integrity": "sha512-yItk0aKrANS3Y7CWEcOt4zAD0c0zdLckqFte6tB2MtijV32wpS56gbUn3cQhcjoD4zuy+YvCuBuxopr5yK43Ew==",
      "cpu": [
        "arm64"
      ],
      "dev": true,
      "license": "MIT",
      "optional": true,
      "os": [
        "win32"
      ]
    },
    "node_modules/@dprint/win32-x64": {
      "version": "0.56.1",
      "resolved": "https://registry.npmjs.org/@dprint/win32-x64/-/win32-x64-0.56.1.tgz",
      "integrity": "sha512-40xoYm0lar2naQ7uxTyziHt4o6GuRsFKzwxgKWvkmFW9RLh+htxsnISn89gDG9HJFDxxa2bVfQQ35oJbAAWWpA==",
      "cpu": [
        "x64"
      ],
      "dev": true,
      "license": "MIT",
      "optional": true,
      "os": [
        "win32"
      ]
    },
    "node_modules/dprint": {
      "version": "0.56.1",
      "resolved": "https://registry.npmjs.org/dprint/-/dprint-0.56.1.tgz",
      "integrity": "sha512-1r+e9cnecxoxIfac4+gyYvEftPgkFrNZOHMBmOYutLolph1u0yeQcBdhmLAo9RDuBD6FupKy0kZlcoyhgPVGOQ==",
      "dev": true,
      "hasInstallScript": true,
      "license": "MIT",
      "bin": {
        "dprint": "bin.cjs"
      },
      "optionalDependencies": {
        "@dprint/android-arm64": "0.56.1",
        "@dprint/android-x64": "0.56.1",
        "@dprint/darwin-arm64": "0.56.1",
        "@dprint/darwin-x64": "0.56.1",
        "@dprint/linux-arm64-glibc": "0.56.1",
        "@dprint/linux-arm64-musl": "0.56.1",
        "@dprint/linux-loong64-glibc": "0.56.1",
        "@dprint/linux-loong64-musl": "0.56.1",
        "@dprint/linux-ppc64-glibc": "0.56.1",
        "@dprint/linux-ppc64-musl": "0.56.1",
        "@dprint/linux-riscv64-glibc": "0.56.1",
        "@dprint/linux-x64-glibc": "0.56.1",
        "@dprint/linux-x64-musl": "0.56.1",
        "@dprint/win32-arm64": "0.56.1",
        "@dprint/win32-x64": "0.56.1"
      }
    }
  }
}
